
Microsoft Visual Studio Solution File, Format Version 12.00
# Visual Studio Version 17
VisualStudioVersion = 17.3.32825.248
MinimumVisualStudioVersion = 10.0.40219.1
Project("{FAE04EC0-301F-11D3-BF4B-00C04F79EFBC}") = "DemoRedisCache", "DemoRedisCache\DemoRedisCache.csproj", "{F30B0485-3535-4BF2-A65E-D5B8A23EE29B}"
EndProject
Global
	GlobalSection(SolutionConfigurationPlatforms) = preSolution
		Debug|Any CPU = Debug|Any CPU
		Release|Any CPU = Release|Any CPU
	EndGlobalSection
	GlobalSection(ProjectConfigurationPlatforms) = postSolution
		{F30B0485-3535-4BF2-A65E-D5B8A23EE29B}.Debug|Any CPU.ActiveCfg = Debug|Any CPU
		{F30B0485-3535-4BF2-A65E-D5B8A23EE29B}.Debug|Any CPU.Build.0 = Debug|Any CPU
		{F30B0485-3535-4BF2-A65E-D5B8A23EE29B}.Release|Any CPU.ActiveCfg = Release|Any CPU
		{F30B0485-3535-4BF2-A65E-D5B8A23EE29B}.Release|Any CPU.Build.0 = Release|Any CPU
	EndGlobalSection
	GlobalSection(SolutionProperties) = preSolution
		HideSolutionNode = FALSE
	EndGlobalSection
	GlobalSection(ExtensibilityGlobals) = postSolution
		SolutionGuid = {160A7160-5EA6-4A2D-97A6-B981016B6FB9}
	EndGlobalSection
EndGlobal
